{
  "name": "Portfolio",
  "lockfileVersion": 3,
  "requires": true,
  "packages": {
    "": {
      "dependencies": {
        "angular-snapscroll": "^1.3.1"
      }
    },
    "node_modules/angular": {
      "version": "1.8.3",
      "resolved": "https://registry.npmjs.org/angular/-/angular-1.8.3.tgz",
      "integrity": "sha512-5qjkWIQQVsHj4Sb5TcEs4WZWpFeVFHXwxEBHUhrny41D8UrBAd6T/6nPPAsLngJCReIOqi95W3mxdveveutpZw==",
      "deprecated": "For the actively supported Angular, see https://www.npmjs.com/package/@angular/core. AngularJS support has officially ended. For extended AngularJS support options, see https://goo.gle/angularjs-path-forward."
    },
    "node_modules/angular-scrollie": {
      "version": "1.1.1",
      "resolved": "https://registry.npmjs.org/angular-scrollie/-/angular-scrollie-1.1.1.tgz",
      "integrity": "sha512-SGePBPLtXzRGwfrjugmxypcgGCuwWYC56MoFHr+dbEW0Du2KjCy596PhOLNZvJaOOA+/8SfK7TEf+q9hhIbUQA==",
      "dependencies": {
        "angular": "^1.2.24"
      },
      "peerDependencies": {
        "angular": "^1.2.24"
      }
    },
    "node_modules/angular-snapscroll": {
      "version": "1.3.1",
      "resolved": "https://registry.npmjs.org/angular-snapscroll/-/angular-snapscroll-1.3.1.tgz",
      "integrity": "sha512-1TPztDU+pcDMqXgiOMxcm8CVNQ3g46TaxIHSMgIrZiQE5tIzVcuLTvueJjrwm5cc04f1nXxORiqdjCP+0rWfTA==",
      "dependencies": {
        "angular": "^1.2.24",
        "angular-scrollie": "^1.1.1",
        "angular-wheelie": "^3.0.1"
      },
      "peerDependencies": {
        "angular": "^1.2.24"
      }
    },
    "node_modules/angular-wheelie": {
      "version": "3.0.1",
      "resolved": "https://registry.npmjs.org/angular-wheelie/-/angular-wheelie-3.0.1.tgz",
      "integrity": "sha512-MG4L3EC+8mHJR9nvFNeBsyHd4tqrg9H7ocX2WTUPLYyvQDlO+TtHyhWCM/fYwKBPfkgIgSD1pNKrFdDUIPeBXQ==",
      "dependencies": {
        "angular": "^1.2.24"
      },
      "peerDependencies": {
        "angular": "^1.2.24"
      }
    }
  }
}
